
Microsoft Visual Studio Solution File, Format Version 12.00
# Visual Studio 2015
Project("{FAE04EC0-301F-11D3-BF4B-00C04F79EFBC}") = "Game_Project", "Game_Project.csproj", "{DE5CDEB0-89EB-96D6-81AD-B53F05D626A2}"
EndProject
Global
	GlobalSection(SolutionConfigurationPlatforms) = preSolution
		Debug|Any CPU = Debug|Any CPU
		Release|Any CPU = Release|Any CPU
	EndGlobalSection
	GlobalSection(ProjectConfigurationPlatforms) = postSolution
		{DE5CDEB0-89EB-96D6-81AD-B53F05D626A2}.Debug|Any CPU.ActiveCfg = Debug|Any CPU
		{DE5CDEB0-89EB-96D6-81AD-B53F05D626A2}.Debug|Any CPU.Build.0 = Debug|Any CPU
		{DE5CDEB0-89EB-96D6-81AD-B53F05D626A2}.Release|Any CPU.ActiveCfg = Release|Any CPU
		{DE5CDEB0-89EB-96D6-81AD-B53F05D626A2}.Release|Any CPU.Build.0 = Release|Any CPU
	EndGlobalSection
	GlobalSection(SolutionProperties) = preSolution
		HideSolutionNode = FALSE
	EndGlobalSection
EndGlobal
